<Solution>
  <Folder Name="/Solution Items/">
    <File Path="Confab.rest" />
  </Folder>
  <Folder Name="/src/" />
  <Folder Name="/src/bootstrapper/">
    <Project Path="src/Bootstrapper/Confab.AppHost/Confab.AppHost.csproj" />
    <Project Path="src/Bootstrapper/Confab.Bootstrapper/Confab.Bootstrapper.csproj" />
    <Project Path="src/Bootstrapper/Confab.ServiceDefaults/Confab.ServiceDefaults.csproj" />
  </Folder>
  <Folder Name="/src/modules/" />
  <Folder Name="/src/modules/Agendas/">
    <Project Path="src/Modules/Agendas/Confab.Modules.Agendas.Api/Confab.Modules.Agendas.Api.csproj" />
    <Project Path="src/Modules/Agendas/Confab.Modules.Agendas.Application/Confab.Modules.Agendas.Application.csproj" />
    <Project Path="src/Modules/Agendas/Confab.Modules.Agendas.Domain/Confab.Modules.Agendas.Domain.csproj" />
    <Project Path="src/Modules/Agendas/Confab.Modules.Agendas.Infrastructure/Confab.Modules.Agendas.Infrastructure.csproj" />
  </Folder>
  <Folder Name="/src/modules/Attendances/">
    <Project Path="src/Modules/Attendances/Confab.Modules.Attendances.Api/Confab.Modules.Attendances.Api.csproj" />
    <Project Path="src/Modules/Attendances/Confab.Modules.Attendances.Application/Confab.Modules.Attendances.Application.csproj" />
    <Project Path="src/Modules/Attendances/Confab.Modules.Attendances.Domain/Confab.Modules.Attendances.Domain.csproj" />
    <Project Path="src/Modules/Attendances/Confab.Modules.Attendances.Infrastructure/Confab.Modules.Attendances.Infrastructure.csproj" />
  </Folder>
  <Folder Name="/src/modules/Conferences/">
    <Project Path="src/Modules/Conferences/Confab.Modules.Conferences.Api/Confab.Modules.Conferences.Api.csproj" />
    <Project Path="src/Modules/Conferences/Confab.Modules.Conferences.Core/Confab.Modules.Conferences.Core.csproj" />
  </Folder>
  <Folder Name="/src/modules/Speakers/">
    <Project Path="src/Modules/Speakers/Confab.Modules.Speakers.Api/Confab.Modules.Speakers.Api.csproj" />
    <Project Path="src/Modules/Speakers/Confab.Modules.Speakers.Core/Confab.Modules.Speakers.Core.csproj" />
  </Folder>
  <Folder Name="/src/modules/Tickets/">
    <Project Path="src/Modules/Tickets/Confab.Modules.Tickets.Api/Confab.Modules.Tickets.Api.csproj" />
    <Project Path="src/Modules/Tickets/Confab.Modules.Tickets.Core/Confab.Modules.Tickets.Core.csproj" />
  </Folder>
  <Folder Name="/src/modules/Users/">
    <Project Path="src/Modules/Users/Confab.Modules.Users.Api/Confab.Modules.Users.Api.csproj" />
    <Project Path="src/Modules/Users/Confab.Modules.Users.Core/Confab.Modules.Users.Core.csproj" />
  </Folder>
  <Folder Name="/src/shared/">
    <Project Path="src/Shared/Confab.Shared.Abstractions/Confab.Shared.Abstractions.csproj" />
    <Project Path="src/Shared/Confab.Shared.Infrastructure/Confab.Shared.Infrastructure.csproj" />
    <Project Path="src/Shared/Confab.Shared.Tests/Confab.Shared.Tests.csproj" />
  </Folder>
  <Folder Name="/test/" />
  <Folder Name="/test/modules/" />
  <Folder Name="/test/modules/Attendances/">
    <Project Path="tests/Modules/Attendances/Confab.Modules.Attendances.Tests.Integration/Confab.Modules.Attendances.Tests.Integration.csproj" />
    <Project Path="tests/Modules/Attendances/Confab.Modules.Attendances.Tests.Unit/Confab.Modules.Attendances.Tests.Unit.csproj" />
  </Folder>
</Solution>
