Microsoft Visual Studio Solution File, Format Version 12.00
# Visual Studio Version 17
VisualStudioVersion = 17.14.36518.9
MinimumVisualStudioVersion = 10.0.40219.1
Project("{FAE04EC0-301F-11D3-BF4B-00C04F79EFBC}") = "Confab.AppHost", "src\Bootstrapper\Confab.AppHost\Confab.AppHost.csproj", "{57C71677-4B79-1DF2-0CD4-A56AC31DC1B4}"
EndProject
Project("{FAE04EC0-301F-11D3-BF4B-00C04F79EFBC}") = "Confab.ServiceDefaults", "src\Bootstrapper\Confab.ServiceDefaults\Confab.ServiceDefaults.csproj", "{276965BA-FF77-5B31-5C50-2D812AEDEDA1}"
EndProject
Project("{FAE04EC0-301F-11D3-BF4B-00C04F79EFBC}") = "Confab.Bootstrapper", "src\Bootstrapper\Confab.Bootstrapper\Confab.Bootstrapper.csproj", "{90DCECBA-876F-8389-867E-60B22A47B0B5}"
EndProject
Project("{2150E333-8FDC-42A3-9474-1A3956D46DE8}") = "src", "src", "{02EA681E-C7D8-13C7-8484-4AC65E1B71E8}"
EndProject
Project("{2150E333-8FDC-42A3-9474-1A3956D46DE8}") = "test", "test", "{4C61E64F-7681-4648-917D-C75190FB41A8}"
EndProject
Project("{2150E333-8FDC-42A3-9474-1A3956D46DE8}") = "bootstrapper", "bootstrapper", "{9DF2142B-9186-4322-96DF-FF892847FEC3}"
EndProject
Project("{2150E333-8FDC-42A3-9474-1A3956D46DE8}") = "modules", "modules", "{1755642B-0630-4D78-AC2B-961CA1B9C21F}"
EndProject
Project("{2150E333-8FDC-42A3-9474-1A3956D46DE8}") = "shared", "shared", "{C00FB10B-5B52-437E-A6E6-B9CCB2EAB88B}"
EndProject
Project("{FAE04EC0-301F-11D3-BF4B-00C04F79EFBC}") = "Confab.Shared.Abstractions", "src\Shared\Confab.Shared.Abstractions\Confab.Shared.Abstractions.csproj", "{F920305E-D8DD-4C34-A500-5AEAB0F77552}"
EndProject
Project("{FAE04EC0-301F-11D3-BF4B-00C04F79EFBC}") = "Confab.Shared.Infrastructure", "src\Shared\Confab.Shared.Infrastructure\Confab.Shared.Infrastructure.csproj", "{D89056CB-0A8B-4105-9D0C-4509C93491FD}"
EndProject
Project("{2150E333-8FDC-42A3-9474-1A3956D46DE8}") = "Conferences", "Conferences", "{3538C24A-B860-4631-AA22-D5586CB8EF64}"
EndProject
Project("{FAE04EC0-301F-11D3-BF4B-00C04F79EFBC}") = "Confab.Modules.Conferences.Core", "src\Modules\Conferences\Confab.Modules.Conferences.Core\Confab.Modules.Conferences.Core.csproj", "{EB14C0BE-18BF-4F79-83AB-60DF33F89F60}"
EndProject
Project("{FAE04EC0-301F-11D3-BF4B-00C04F79EFBC}") = "Confab.Modules.Conferences.Api", "src\Modules\Conferences\Confab.Modules.Conferences.Api\Confab.Modules.Conferences.Api.csproj", "{203C1438-9AC4-FC3A-33E7-882FBF8DC2C2}"
EndProject
Project("{2150E333-8FDC-42A3-9474-1A3956D46DE8}") = "Solution Items", "Solution Items", "{8EC462FD-D22E-90A8-E5CE-7E832BA40C5D}"
	ProjectSection(SolutionItems) = preProject
		Confab.rest = Confab.rest
	EndProjectSection
EndProject
Global
	GlobalSection(SolutionConfigurationPlatforms) = preSolution
		Debug|Any CPU = Debug|Any CPU
		Release|Any CPU = Release|Any CPU
	EndGlobalSection
	GlobalSection(ProjectConfigurationPlatforms) = postSolution
		{57C71677-4B79-1DF2-0CD4-A56AC31DC1B4}.Debug|Any CPU.ActiveCfg = Debug|Any CPU
		{57C71677-4B79-1DF2-0CD4-A56AC31DC1B4}.Debug|Any CPU.Build.0 = Debug|Any CPU
		{57C71677-4B79-1DF2-0CD4-A56AC31DC1B4}.Release|Any CPU.ActiveCfg = Release|Any CPU
		{57C71677-4B79-1DF2-0CD4-A56AC31DC1B4}.Release|Any CPU.Build.0 = Release|Any CPU
		{276965BA-FF77-5B31-5C50-2D812AEDEDA1}.Debug|Any CPU.ActiveCfg = Debug|Any CPU
		{276965BA-FF77-5B31-5C50-2D812AEDEDA1}.Debug|Any CPU.Build.0 = Debug|Any CPU
		{276965BA-FF77-5B31-5C50-2D812AEDEDA1}.Release|Any CPU.ActiveCfg = Release|Any CPU
		{276965BA-FF77-5B31-5C50-2D812AEDEDA1}.Release|Any CPU.Build.0 = Release|Any CPU
		{90DCECBA-876F-8389-867E-60B22A47B0B5}.Debug|Any CPU.ActiveCfg = Debug|Any CPU
		{90DCECBA-876F-8389-867E-60B22A47B0B5}.Debug|Any CPU.Build.0 = Debug|Any CPU
		{90DCECBA-876F-8389-867E-60B22A47B0B5}.Release|Any CPU.ActiveCfg = Release|Any CPU
		{90DCECBA-876F-8389-867E-60B22A47B0B5}.Release|Any CPU.Build.0 = Release|Any CPU
		{F920305E-D8DD-4C34-A500-5AEAB0F77552}.Debug|Any CPU.ActiveCfg = Debug|Any CPU
		{F920305E-D8DD-4C34-A500-5AEAB0F77552}.Debug|Any CPU.Build.0 = Debug|Any CPU
		{F920305E-D8DD-4C34-A500-5AEAB0F77552}.Release|Any CPU.ActiveCfg = Release|Any CPU
		{F920305E-D8DD-4C34-A500-5AEAB0F77552}.Release|Any CPU.Build.0 = Release|Any CPU
		{D89056CB-0A8B-4105-9D0C-4509C93491FD}.Debug|Any CPU.ActiveCfg = Debug|Any CPU
		{D89056CB-0A8B-4105-9D0C-4509C93491FD}.Debug|Any CPU.Build.0 = Debug|Any CPU
		{D89056CB-0A8B-4105-9D0C-4509C93491FD}.Release|Any CPU.ActiveCfg = Release|Any CPU
		{D89056CB-0A8B-4105-9D0C-4509C93491FD}.Release|Any CPU.Build.0 = Release|Any CPU
		{EB14C0BE-18BF-4F79-83AB-60DF33F89F60}.Debug|Any CPU.ActiveCfg = Debug|Any CPU
		{EB14C0BE-18BF-4F79-83AB-60DF33F89F60}.Debug|Any CPU.Build.0 = Debug|Any CPU
		{EB14C0BE-18BF-4F79-83AB-60DF33F89F60}.Release|Any CPU.ActiveCfg = Release|Any CPU
		{EB14C0BE-18BF-4F79-83AB-60DF33F89F60}.Release|Any CPU.Build.0 = Release|Any CPU
		{203C1438-9AC4-FC3A-33E7-882FBF8DC2C2}.Debug|Any CPU.ActiveCfg = Debug|Any CPU
		{203C1438-9AC4-FC3A-33E7-882FBF8DC2C2}.Debug|Any CPU.Build.0 = Debug|Any CPU
		{203C1438-9AC4-FC3A-33E7-882FBF8DC2C2}.Release|Any CPU.ActiveCfg = Release|Any CPU
		{203C1438-9AC4-FC3A-33E7-882FBF8DC2C2}.Release|Any CPU.Build.0 = Release|Any CPU
	EndGlobalSection
	GlobalSection(SolutionProperties) = preSolution
		HideSolutionNode = FALSE
	EndGlobalSection
	GlobalSection(NestedProjects) = preSolution
		{57C71677-4B79-1DF2-0CD4-A56AC31DC1B4} = {9DF2142B-9186-4322-96DF-FF892847FEC3}
		{276965BA-FF77-5B31-5C50-2D812AEDEDA1} = {9DF2142B-9186-4322-96DF-FF892847FEC3}
		{90DCECBA-876F-8389-867E-60B22A47B0B5} = {9DF2142B-9186-4322-96DF-FF892847FEC3}
		{9DF2142B-9186-4322-96DF-FF892847FEC3} = {02EA681E-C7D8-13C7-8484-4AC65E1B71E8}
		{1755642B-0630-4D78-AC2B-961CA1B9C21F} = {02EA681E-C7D8-13C7-8484-4AC65E1B71E8}
		{C00FB10B-5B52-437E-A6E6-B9CCB2EAB88B} = {02EA681E-C7D8-13C7-8484-4AC65E1B71E8}
		{F920305E-D8DD-4C34-A500-5AEAB0F77552} = {C00FB10B-5B52-437E-A6E6-B9CCB2EAB88B}
		{D89056CB-0A8B-4105-9D0C-4509C93491FD} = {C00FB10B-5B52-437E-A6E6-B9CCB2EAB88B}
		{3538C24A-B860-4631-AA22-D5586CB8EF64} = {1755642B-0630-4D78-AC2B-961CA1B9C21F}
		{EB14C0BE-18BF-4F79-83AB-60DF33F89F60} = {3538C24A-B860-4631-AA22-D5586CB8EF64}
		{203C1438-9AC4-FC3A-33E7-882FBF8DC2C2} = {3538C24A-B860-4631-AA22-D5586CB8EF64}
	EndGlobalSection
	GlobalSection(ExtensibilityGlobals) = postSolution
		SolutionGuid = {F73F6A59-ECA5-4F0A-9267-0D0E4BAC22F0}
	EndGlobalSection
EndGlobal
