
Microsoft Visual Studio Solution File, Format Version 12.00
# Visual Studio Version 17
VisualStudioVersion = 17.9.34622.214
MinimumVisualStudioVersion = 10.0.40219.1
Project("{9A19103F-16F7-4668-BE54-9A1E7A4F7556}") = "MySpot.Api", "src\MySpot.Api\MySpot.Api.csproj", "{C13F58CF-538A-4FFE-8C6D-E952C56DA53F}"
EndProject
Global
	GlobalSection(SolutionConfigurationPlatforms) = preSolution
		Debug|Any CPU = Debug|Any CPU
		Release|Any CPU = Release|Any CPU
	EndGlobalSection
	GlobalSection(ProjectConfigurationPlatforms) = postSolution
		{C13F58CF-538A-4FFE-8C6D-E952C56DA53F}.Debug|Any CPU.ActiveCfg = Debug|Any CPU
		{C13F58CF-538A-4FFE-8C6D-E952C56DA53F}.Debug|Any CPU.Build.0 = Debug|Any CPU
		{C13F58CF-538A-4FFE-8C6D-E952C56DA53F}.Release|Any CPU.ActiveCfg = Release|Any CPU
		{C13F58CF-538A-4FFE-8C6D-E952C56DA53F}.Release|Any CPU.Build.0 = Release|Any CPU
	EndGlobalSection
	GlobalSection(SolutionProperties) = preSolution
		HideSolutionNode = FALSE
	EndGlobalSection
	GlobalSection(ExtensibilityGlobals) = postSolution
		SolutionGuid = {77FCE0E3-3EBE-4432-8ABA-B121C818DF8E}
	EndGlobalSection
EndGlobal
