
Microsoft Visual Studio Solution File, Format Version 12.00
# Visual Studio Version 17
VisualStudioVersion = 17.9.34622.214
MinimumVisualStudioVersion = 10.0.40219.1
Project("{9A19103F-16F7-4668-BE54-9A1E7A4F7556}") = "MySpot.Api", "src\MySpot.Api\MySpot.Api.csproj", "{C13F58CF-538A-4FFE-8C6D-E952C56DA53F}"
EndProject
Project("{2150E333-8FDC-42A3-9474-1A3956D46DE8}") = "Tests", "Tests", "{80C33110-F535-4E61-9615-2BBBA09F276A}"
EndProject
Project("{2150E333-8FDC-42A3-9474-1A3956D46DE8}") = "SolutionItems", "SolutionItems", "{5D8750DC-DC16-488E-A342-438398C072CF}"
	ProjectSection(SolutionItems) = preProject
		docker-compose.yaml = docker-compose.yaml
		src\MySpot.Api\MySpot.http = src\MySpot.Api\MySpot.http
	EndProjectSection
EndProject
Project("{9A19103F-16F7-4668-BE54-9A1E7A4F7556}") = "MySpot.Core", "src\MySpot.Core\MySpot.Core.csproj", "{21645C89-9381-4565-886D-684DFBF67D11}"
EndProject
Project("{9A19103F-16F7-4668-BE54-9A1E7A4F7556}") = "MySpot.Application", "src\MySpot.Application\MySpot.Application.csproj", "{457220E7-E88B-4D0C-AD05-B086342B8126}"
EndProject
Project("{9A19103F-16F7-4668-BE54-9A1E7A4F7556}") = "MySpot.Infrastructure", "src\MySpot.Infrastructure\MySpot.Infrastructure.csproj", "{D30A6B73-981B-4134-9EDC-61F1E6EFC71C}"
EndProject
Project("{9A19103F-16F7-4668-BE54-9A1E7A4F7556}") = "MySpot.Tests.Unit", "src\MySpot.Tests.Unit\MySpot.Tests.Unit.csproj", "{C2BEA7AF-A793-4961-86A6-1BA38981757F}"
EndProject
Global
	GlobalSection(SolutionConfigurationPlatforms) = preSolution
		Debug|Any CPU = Debug|Any CPU
		Release|Any CPU = Release|Any CPU
	EndGlobalSection
	GlobalSection(ProjectConfigurationPlatforms) = postSolution
		{C13F58CF-538A-4FFE-8C6D-E952C56DA53F}.Debug|Any CPU.ActiveCfg = Debug|Any CPU
		{C13F58CF-538A-4FFE-8C6D-E952C56DA53F}.Debug|Any CPU.Build.0 = Debug|Any CPU
		{C13F58CF-538A-4FFE-8C6D-E952C56DA53F}.Release|Any CPU.ActiveCfg = Release|Any CPU
		{C13F58CF-538A-4FFE-8C6D-E952C56DA53F}.Release|Any CPU.Build.0 = Release|Any CPU
		{21645C89-9381-4565-886D-684DFBF67D11}.Debug|Any CPU.ActiveCfg = Debug|Any CPU
		{21645C89-9381-4565-886D-684DFBF67D11}.Debug|Any CPU.Build.0 = Debug|Any CPU
		{21645C89-9381-4565-886D-684DFBF67D11}.Release|Any CPU.ActiveCfg = Release|Any CPU
		{21645C89-9381-4565-886D-684DFBF67D11}.Release|Any CPU.Build.0 = Release|Any CPU
		{457220E7-E88B-4D0C-AD05-B086342B8126}.Debug|Any CPU.ActiveCfg = Debug|Any CPU
		{457220E7-E88B-4D0C-AD05-B086342B8126}.Debug|Any CPU.Build.0 = Debug|Any CPU
		{457220E7-E88B-4D0C-AD05-B086342B8126}.Release|Any CPU.ActiveCfg = Release|Any CPU
		{457220E7-E88B-4D0C-AD05-B086342B8126}.Release|Any CPU.Build.0 = Release|Any CPU
		{D30A6B73-981B-4134-9EDC-61F1E6EFC71C}.Debug|Any CPU.ActiveCfg = Debug|Any CPU
		{D30A6B73-981B-4134-9EDC-61F1E6EFC71C}.Debug|Any CPU.Build.0 = Debug|Any CPU
		{D30A6B73-981B-4134-9EDC-61F1E6EFC71C}.Release|Any CPU.ActiveCfg = Release|Any CPU
		{D30A6B73-981B-4134-9EDC-61F1E6EFC71C}.Release|Any CPU.Build.0 = Release|Any CPU
		{C2BEA7AF-A793-4961-86A6-1BA38981757F}.Debug|Any CPU.ActiveCfg = Debug|Any CPU
		{C2BEA7AF-A793-4961-86A6-1BA38981757F}.Debug|Any CPU.Build.0 = Debug|Any CPU
		{C2BEA7AF-A793-4961-86A6-1BA38981757F}.Release|Any CPU.ActiveCfg = Release|Any CPU
		{C2BEA7AF-A793-4961-86A6-1BA38981757F}.Release|Any CPU.Build.0 = Release|Any CPU
	EndGlobalSection
	GlobalSection(SolutionProperties) = preSolution
		HideSolutionNode = FALSE
	EndGlobalSection
	GlobalSection(NestedProjects) = preSolution
		{C2BEA7AF-A793-4961-86A6-1BA38981757F} = {80C33110-F535-4E61-9615-2BBBA09F276A}
	EndGlobalSection
	GlobalSection(ExtensibilityGlobals) = postSolution
		SolutionGuid = {77FCE0E3-3EBE-4432-8ABA-B121C818DF8E}
	EndGlobalSection
EndGlobal
