
Microsoft Visual Studio Solution File, Format Version 12.00
# Visual Studio Version 17
VisualStudioVersion = 17.9.34622.214
MinimumVisualStudioVersion = 10.0.40219.1
Project("{9A19103F-16F7-4668-BE54-9A1E7A4F7556}") = "MySpot.Api", "src\MySpot.Api\MySpot.Api.csproj", "{C13F58CF-538A-4FFE-8C6D-E952C56DA53F}"
EndProject
Project("{2150E333-8FDC-42A3-9474-1A3956D46DE8}") = "Tests", "Tests", "{80C33110-F535-4E61-9615-2BBBA09F276A}"
EndProject
Project("{9A19103F-16F7-4668-BE54-9A1E7A4F7556}") = "MySpot.Tests.Unit", "MySpot.Tests.Unit\MySpot.Tests.Unit.csproj", "{63847824-B268-4FCF-BFD5-DCB3392D19B2}"
EndProject
Project("{9A19103F-16F7-4668-BE54-9A1E7A4F7556}") = "MySpotCore", "MySpotCore\MySpotCore.csproj", "{822B388B-5638-4B90-8F9F-548F05A65A6D}"
EndProject
Project("{9A19103F-16F7-4668-BE54-9A1E7A4F7556}") = "MySpot.Application", "MySpot.Application\MySpot.Application.csproj", "{9A35F142-5BEF-4A11-B627-B009B029F922}"
EndProject
Project("{9A19103F-16F7-4668-BE54-9A1E7A4F7556}") = "MySpot.Infrastructure", "MySpot.Infrastructure\MySpot.Infrastructure.csproj", "{0A082BF5-6235-4589-9F2F-B9A5C8947974}"
EndProject
Project("{2150E333-8FDC-42A3-9474-1A3956D46DE8}") = "SolutionItems", "SolutionItems", "{5D8750DC-DC16-488E-A342-438398C072CF}"
	ProjectSection(SolutionItems) = preProject
		docker-compose.yaml = docker-compose.yaml
		src\MySpot.Api\MySpot.http = src\MySpot.Api\MySpot.http
	EndProjectSection
EndProject
Global
	GlobalSection(SolutionConfigurationPlatforms) = preSolution
		Debug|Any CPU = Debug|Any CPU
		Release|Any CPU = Release|Any CPU
	EndGlobalSection
	GlobalSection(ProjectConfigurationPlatforms) = postSolution
		{C13F58CF-538A-4FFE-8C6D-E952C56DA53F}.Debug|Any CPU.ActiveCfg = Debug|Any CPU
		{C13F58CF-538A-4FFE-8C6D-E952C56DA53F}.Debug|Any CPU.Build.0 = Debug|Any CPU
		{C13F58CF-538A-4FFE-8C6D-E952C56DA53F}.Release|Any CPU.ActiveCfg = Release|Any CPU
		{C13F58CF-538A-4FFE-8C6D-E952C56DA53F}.Release|Any CPU.Build.0 = Release|Any CPU
		{63847824-B268-4FCF-BFD5-DCB3392D19B2}.Debug|Any CPU.ActiveCfg = Debug|Any CPU
		{63847824-B268-4FCF-BFD5-DCB3392D19B2}.Debug|Any CPU.Build.0 = Debug|Any CPU
		{63847824-B268-4FCF-BFD5-DCB3392D19B2}.Release|Any CPU.ActiveCfg = Release|Any CPU
		{63847824-B268-4FCF-BFD5-DCB3392D19B2}.Release|Any CPU.Build.0 = Release|Any CPU
		{822B388B-5638-4B90-8F9F-548F05A65A6D}.Debug|Any CPU.ActiveCfg = Debug|Any CPU
		{822B388B-5638-4B90-8F9F-548F05A65A6D}.Debug|Any CPU.Build.0 = Debug|Any CPU
		{822B388B-5638-4B90-8F9F-548F05A65A6D}.Release|Any CPU.ActiveCfg = Release|Any CPU
		{822B388B-5638-4B90-8F9F-548F05A65A6D}.Release|Any CPU.Build.0 = Release|Any CPU
		{9A35F142-5BEF-4A11-B627-B009B029F922}.Debug|Any CPU.ActiveCfg = Debug|Any CPU
		{9A35F142-5BEF-4A11-B627-B009B029F922}.Debug|Any CPU.Build.0 = Debug|Any CPU
		{9A35F142-5BEF-4A11-B627-B009B029F922}.Release|Any CPU.ActiveCfg = Release|Any CPU
		{9A35F142-5BEF-4A11-B627-B009B029F922}.Release|Any CPU.Build.0 = Release|Any CPU
		{0A082BF5-6235-4589-9F2F-B9A5C8947974}.Debug|Any CPU.ActiveCfg = Debug|Any CPU
		{0A082BF5-6235-4589-9F2F-B9A5C8947974}.Debug|Any CPU.Build.0 = Debug|Any CPU
		{0A082BF5-6235-4589-9F2F-B9A5C8947974}.Release|Any CPU.ActiveCfg = Release|Any CPU
		{0A082BF5-6235-4589-9F2F-B9A5C8947974}.Release|Any CPU.Build.0 = Release|Any CPU
	EndGlobalSection
	GlobalSection(SolutionProperties) = preSolution
		HideSolutionNode = FALSE
	EndGlobalSection
	GlobalSection(NestedProjects) = preSolution
		{63847824-B268-4FCF-BFD5-DCB3392D19B2} = {80C33110-F535-4E61-9615-2BBBA09F276A}
	EndGlobalSection
	GlobalSection(ExtensibilityGlobals) = postSolution
		SolutionGuid = {77FCE0E3-3EBE-4432-8ABA-B121C818DF8E}
	EndGlobalSection
EndGlobal
